
Microsoft Visual Studio Solution File, Format Version 12.00
# Visual Studio Version 16
VisualStudioVersion = 16.0.30717.126
MinimumVisualStudioVersion = 10.0.40219.1
Project("{9A19103F-16F7-4668-BE54-9A1E7A4F7556}") = "FourInRow", "DataAnalysisAPI\FourInRow.csproj", "{E5702767-000C-45F9-880E-22682B205D06}"
EndProject
Project("{9A19103F-16F7-4668-BE54-9A1E7A4F7556}") = "RealtimeCompiler", "RealtimeCompiler\RealtimeCompiler.csproj", "{2B2A4585-C63B-46A4-AEDD-C430801B9005}"
EndProject
Project("{9A19103F-16F7-4668-BE54-9A1E7A4F7556}") = "RealTimeComplilerNUTest", "RealTimeComplilerNUTest\RealTimeComplilerNUTest.csproj", "{2B65BBDE-37DE-45EC-AABA-EF7EF02A1099}"
EndProject
Project("{FAE04EC0-301F-11D3-BF4B-00C04F79EFBC}") = "FourInRowAI", "FourInRowAI\FourInRowAI.csproj", "{51E34B8E-6AB3-4F46-80B6-4E118099CE7E}"
EndProject
Project("{FAE04EC0-301F-11D3-BF4B-00C04F79EFBC}") = "FourInRowAINUTest", "FourInRowAINUTest\FourInRowAINUTest.csproj", "{F3C945DF-0530-4085-BE81-9BDAA8567024}"
EndProject
Global
	GlobalSection(SolutionConfigurationPlatforms) = preSolution
		Debug|Any CPU = Debug|Any CPU
		Release|Any CPU = Release|Any CPU
	EndGlobalSection
	GlobalSection(ProjectConfigurationPlatforms) = postSolution
		{E5702767-000C-45F9-880E-22682B205D06}.Debug|Any CPU.ActiveCfg = Debug|Any CPU
		{E5702767-000C-45F9-880E-22682B205D06}.Debug|Any CPU.Build.0 = Debug|Any CPU
		{E5702767-000C-45F9-880E-22682B205D06}.Release|Any CPU.ActiveCfg = Release|Any CPU
		{E5702767-000C-45F9-880E-22682B205D06}.Release|Any CPU.Build.0 = Release|Any CPU
		{2B2A4585-C63B-46A4-AEDD-C430801B9005}.Debug|Any CPU.ActiveCfg = Debug|Any CPU
		{2B2A4585-C63B-46A4-AEDD-C430801B9005}.Debug|Any CPU.Build.0 = Debug|Any CPU
		{2B2A4585-C63B-46A4-AEDD-C430801B9005}.Release|Any CPU.ActiveCfg = Release|Any CPU
		{2B2A4585-C63B-46A4-AEDD-C430801B9005}.Release|Any CPU.Build.0 = Release|Any CPU
		{2B65BBDE-37DE-45EC-AABA-EF7EF02A1099}.Debug|Any CPU.ActiveCfg = Debug|Any CPU
		{2B65BBDE-37DE-45EC-AABA-EF7EF02A1099}.Debug|Any CPU.Build.0 = Debug|Any CPU
		{2B65BBDE-37DE-45EC-AABA-EF7EF02A1099}.Release|Any CPU.ActiveCfg = Release|Any CPU
		{2B65BBDE-37DE-45EC-AABA-EF7EF02A1099}.Release|Any CPU.Build.0 = Release|Any CPU
		{51E34B8E-6AB3-4F46-80B6-4E118099CE7E}.Debug|Any CPU.ActiveCfg = Debug|Any CPU
		{51E34B8E-6AB3-4F46-80B6-4E118099CE7E}.Debug|Any CPU.Build.0 = Debug|Any CPU
		{51E34B8E-6AB3-4F46-80B6-4E118099CE7E}.Release|Any CPU.ActiveCfg = Release|Any CPU
		{51E34B8E-6AB3-4F46-80B6-4E118099CE7E}.Release|Any CPU.Build.0 = Release|Any CPU
		{F3C945DF-0530-4085-BE81-9BDAA8567024}.Debug|Any CPU.ActiveCfg = Debug|Any CPU
		{F3C945DF-0530-4085-BE81-9BDAA8567024}.Debug|Any CPU.Build.0 = Debug|Any CPU
		{F3C945DF-0530-4085-BE81-9BDAA8567024}.Release|Any CPU.ActiveCfg = Release|Any CPU
		{F3C945DF-0530-4085-BE81-9BDAA8567024}.Release|Any CPU.Build.0 = Release|Any CPU
	EndGlobalSection
	GlobalSection(SolutionProperties) = preSolution
		HideSolutionNode = FALSE
	EndGlobalSection
	GlobalSection(ExtensibilityGlobals) = postSolution
		SolutionGuid = {0649F49C-A366-4BB0-8862-F35902A7108B}
	EndGlobalSection
EndGlobal
